PODS:
  - connectivity (0.0.1):
    - Flutter
    - Reachability
  - Crashlytics (3.13.4):
    - Fabric (~> 1.10.2)
  - Fabric (1.10.2)
  - Firebase/Auth (6.6.0):
    - Firebase/CoreOnly
    - FirebaseAuth (~> 6.2.2)
  - Firebase/Core (6.6.0):
    - Firebase/CoreOnly
    - FirebaseAnalytics (= 6.1.0)
  - Firebase/CoreOnly (6.6.0):
    - FirebaseCore (= 6.2.0)
  - firebase_auth (0.0.1):
    - Firebase/Auth (~> 6.0)
    - Firebase/Core
    - Flutter
  - firebase_core (0.0.1):
    - Firebase/Core
    - Flutter
  - FirebaseAnalytics (6.1.0):
    - FirebaseCore (~> 6.2)
    - FirebaseInstanceID (~> 4.2)
    - GoogleAppMeasurement (= 6.1.0)
    - GoogleUtilities/AppDelegateSwizzler (~> 6.0)
    - GoogleUtilities/MethodSwizzler (~> 6.0)
    - GoogleUtilities/Network (~> 6.0)
    - "GoogleUtilities/NSData+zlib (~> 6.0)"
    - nanopb (~> 0.3)
  - FirebaseAuth (6.2.2):
    - FirebaseAuthInterop (~> 1.0)
    - FirebaseCore (~> 6.2)
    - GoogleUtilities/AppDelegateSwizzler (~> 6.2)
    - GoogleUtilities/Environment (~> 6.2)
    - GTMSessionFetcher/Core (~> 1.1)
  - FirebaseAuthInterop (1.0.0)
  - FirebaseCore (6.2.0):
    - FirebaseCoreDiagnostics (~> 1.0)
    - FirebaseCoreDiagnosticsInterop (~> 1.0)
    - GoogleUtilities/Environment (~> 6.2)
    - GoogleUtilities/Logger (~> 6.2)
  - FirebaseCoreDiagnostics (1.0.1):
    - FirebaseCoreDiagnosticsInterop (~> 1.0)
    - GoogleDataTransportCCTSupport (~> 1.0)
    - GoogleUtilities/Environment (~> 6.2)
    - GoogleUtilities/Logger (~> 6.2)
  - FirebaseCoreDiagnosticsInterop (1.0.0)
  - FirebaseInstanceID (4.2.3):
    - FirebaseCore (~> 6.0)
    - GoogleUtilities/Environment (~> 6.0)
    - GoogleUtilities/UserDefaults (~> 6.0)
  - Flutter (1.0.0)
  - flutter_crashlytics (0.0.1):
    - Crashlytics
    - Fabric
    - Flutter
  - google_maps_flutter (0.0.1):
    - Flutter
    - GoogleMaps
  - GoogleAppMeasurement (6.1.0):
    - GoogleUtilities/AppDelegateSwizzler (~> 6.0)
    - GoogleUtilities/MethodSwizzler (~> 6.0)
    - GoogleUtilities/Network (~> 6.0)
    - "GoogleUtilities/NSData+zlib (~> 6.0)"
    - nanopb (~> 0.3)
  - GoogleDataTransport (1.1.1)
  - GoogleDataTransportCCTSupport (1.0.1):
    - GoogleDataTransport (~> 1.1)
    - nanopb
  - GoogleMaps (3.3.0):
    - GoogleMaps/Maps (= 3.3.0)
  - GoogleMaps/Base (3.3.0)
  - GoogleMaps/Maps (3.3.0):
    - GoogleMaps/Base
  - GoogleUtilities/AppDelegateSwizzler (6.2.5):
    - GoogleUtilities/Environment
    - GoogleUtilities/Logger
    - GoogleUtilities/Network
  - GoogleUtilities/Environment (6.2.5)
  - GoogleUtilities/Logger (6.2.5):
    - GoogleUtilities/Environment
  - GoogleUtilities/MethodSwizzler (6.2.5):
    - GoogleUtilities/Logger
  - GoogleUtilities/Network (6.2.5):
    - GoogleUtilities/Logger
    - "GoogleUtilities/NSData+zlib"
    - GoogleUtilities/Reachability
  - "GoogleUtilities/NSData+zlib (6.2.5)"
  - GoogleUtilities/Reachability (6.2.5):
    - GoogleUtilities/Logger
  - GoogleUtilities/UserDefaults (6.2.5):
    - GoogleUtilities/Logger
  - GTMSessionFetcher/Core (1.2.2)
  - nanopb (0.3.901):
    - nanopb/decode (= 0.3.901)
    - nanopb/encode (= 0.3.901)
  - nanopb/decode (0.3.901)
  - nanopb/encode (0.3.901)
  - path_provider (0.0.1):
    - Flutter
  - permission_handler (3.2.2):
    - Flutter
  - PromisesObjC (1.2.8)
  - PromisesSwift (1.2.8):
    - PromisesObjC (= 1.2.8)
  - Reachability (3.2)
  - sdk-bletcpbridge-swift (0.1.2-beta.0):
    - PromisesSwift (~> 1.2.4)
    - sdk-core-swift (~> 0.1.4-beta.6)
    - sdk-objectmodel-swift (~> 0.1.2-beta.3)
    - sdk-xyobleinterface-swift (~> 0.1.4-beta.4)
    - XyBleSdk (~> 0.0.1)
  - sdk-core-swift (0.1.6-beta.8):
    - sdk-objectmodel-swift (~> 0.1.2-beta.3)
    - secp256k1.swift
  - sdk-objectmodel-swift (0.1.3-beta.1)
  - sdk-xyobleinterface-swift (0.1.5-beta.3):
    - PromisesSwift (~> 1.2.4)
    - sdk-core-swift (~> 0.1.5-beta.2)
    - sdk-objectmodel-swift (~> 0.1.2-beta.3)
    - XyBleSdk (~> 0.0.1)
  - sdk_ble_flutter (0.0.4):
    - Flutter
    - sdk-bletcpbridge-swift (~> 0.1.2-beta.0)
    - sdk-core-swift (~> 0.1.6-beta.8)
    - sdk-xyobleinterface-swift (~> 0.1.5-beta.3)
    - SwiftProtobuf (~> 1.5)
    - XyBleSdk (~> 0.0.2)
  - secp256k1.swift (0.1.4)
  - shared_preferences (0.0.1):
    - Flutter
  - SwiftProtobuf (1.6.0)
  - XyBleSdk (0.0.2):
    - PromisesSwift (~> 1.2.4)

DEPENDENCIES:
  - connectivity (from `.symlinks/plugins/connectivity/ios`)
  - firebase_auth (from `.symlinks/plugins/firebase_auth/ios`)
  - firebase_core (from `.symlinks/plugins/firebase_core/ios`)
  - Flutter (from `.symlinks/flutter/ios`)
  - flutter_crashlytics (from `.symlinks/plugins/flutter_crashlytics/ios`)
  - google_maps_flutter (from `.symlinks/plugins/google_maps_flutter/ios`)
  - path_provider (from `.symlinks/plugins/path_provider/ios`)
  - permission_handler (from `.symlinks/plugins/permission_handler/ios`)
  - sdk_ble_flutter (from `.symlinks/plugins/sdk_ble_flutter/ios`)
  - shared_preferences (from `.symlinks/plugins/shared_preferences/ios`)

SPEC REPOS:
  https://github.com/cocoapods/specs.git:
    - Crashlytics
    - Fabric
    - Firebase
    - FirebaseAnalytics
    - FirebaseAuth
    - FirebaseAuthInterop
    - FirebaseCore
    - FirebaseCoreDiagnostics
    - FirebaseCoreDiagnosticsInterop
    - FirebaseInstanceID
    - GoogleAppMeasurement
    - GoogleDataTransport
    - GoogleDataTransportCCTSupport
    - GoogleMaps
    - GoogleUtilities
    - GTMSessionFetcher
    - nanopb
    - PromisesObjC
    - PromisesSwift
    - Reachability
    - sdk-bletcpbridge-swift
    - sdk-core-swift
    - sdk-objectmodel-swift
    - sdk-xyobleinterface-swift
    - secp256k1.swift
    - SwiftProtobuf
    - XyBleSdk

EXTERNAL SOURCES:
  connectivity:
    :path: ".symlinks/plugins/connectivity/ios"
  firebase_auth:
    :path: ".symlinks/plugins/firebase_auth/ios"
  firebase_core:
    :path: ".symlinks/plugins/firebase_core/ios"
  Flutter:
    :path: ".symlinks/flutter/ios"
  flutter_crashlytics:
    :path: ".symlinks/plugins/flutter_crashlytics/ios"
  google_maps_flutter:
    :path: ".symlinks/plugins/google_maps_flutter/ios"
  path_provider:
    :path: ".symlinks/plugins/path_provider/ios"
  permission_handler:
    :path: ".symlinks/plugins/permission_handler/ios"
  sdk_ble_flutter:
    :path: ".symlinks/plugins/sdk_ble_flutter/ios"
  shared_preferences:
    :path: ".symlinks/plugins/shared_preferences/ios"

SPEC CHECKSUMS:
  connectivity: c72716e202a1225ec4810740d5cb56b8ae3bf4cc
  Crashlytics: 2dfd686bcb918dc10ee0e76f7f853fe42c7bd552
  Fabric: 706c8b8098fff96c33c0db69cbf81f9c551d0d74
  Firebase: a2b5951f30ff38fd3b3bdae9c7d340f940fd3c51
  firebase_auth: 00d6e1ab6d890cd6d3c624df61702e3a7072d1e3
  firebase_core: b3b02d0b5e9d01aab5e50ba7cbcf84c73cb6883c
  FirebaseAnalytics: 48414ae5cbf6976d8a2f7177e0466540e5ab33ce
  FirebaseAuth: 2be1924ddbc741fe2a02cb6963ca747e09a2e05c
  FirebaseAuthInterop: 0ffa57668be100582bb7643d4fcb7615496c41fc
  FirebaseCore: 8c9e08bce0c72a3affd83927d8184cf244918bc8
  FirebaseCoreDiagnostics: 4c04ae09d0ab027c30179828c6bb47764df1bd13
  FirebaseCoreDiagnosticsInterop: 6829da2b8d1fc795ff1bd99df751d3788035d2cb
  FirebaseInstanceID: 8b42755db950682e7de0d167bc6fb26a57b244af
  Flutter: 58dd7d1b27887414a370fcccb9e645c08ffd7a6a
  flutter_crashlytics: 7b5bba7233066381c8e18343435342ba05f3053c
  google_maps_flutter: 78a52114c898b42ea647919679a4c58b70abe876
  GoogleAppMeasurement: 47285fa897e5a125df56b9ef8750a1d81e4598a8
  GoogleDataTransport: ffbadce4ab93c88fb9dd8e6366c47bfcb4a32193
  GoogleDataTransportCCTSupport: 3451e7d8ba19093e533362a6d78d6d9014c6a037
  GoogleMaps: cfee83da305b9aaeccf92c24ac79df11c3003492
  GoogleUtilities: e7dc37039b19df7fe543479d3e4a02ac8d11bb69
  GTMSessionFetcher: 61bb0f61a4cb560030f1222021178008a5727a23
  nanopb: 2901f78ea1b7b4015c860c2fdd1ea2fee1a18d48
  path_provider: f96fff6166a8867510d2c25fdcc346327cc4b259
  permission_handler: d59f41439f5bc6c4d1005f3355e98f05ddc68ece
  PromisesObjC: c119f3cd559f50b7ae681fa59dc1acd19173b7e6
  PromisesSwift: 37bad6f4daddb02f7c9c531efe91e8b21c13ee2f
  Reachability: 33e18b67625424e47b6cde6d202dce689ad7af96
  sdk-bletcpbridge-swift: d017726d1246fc1f1fb78d6aa897bf9c4fabc20f
  sdk-core-swift: 29d5d28c8b9f83d1d6934b202aeafa93f2e4f37a
  sdk-objectmodel-swift: 58298ea43b2ce0649cc8ebc086392c3b175a8425
  sdk-xyobleinterface-swift: 4002be13cb3d38f88441e41a27449b3d3a785d38
  sdk_ble_flutter: 3486f97db0711b84cb06de46630a2ff448244f1f
  secp256k1.swift: a7e7a214f6db6ce5db32cc6b2b45e5c4dd633634
  shared_preferences: 1feebfa37bb57264736e16865e7ffae7fc99b523
  SwiftProtobuf: e905ca1366405696411aaf174411c4b19c0ef73d
  XyBleSdk: 7305692e4b76e116834f2f98f3cf6b9296cfed9d

PODFILE CHECKSUM: 00bf1375b3659710614b40b2adeb0cf6cb5f4470

COCOAPODS: 1.7.5
