PODS:
  - Flutter (1.0.0)
  - PromisesObjC (1.2.8)
  - PromisesSwift (1.2.8):
    - PromisesObjC (= 1.2.8)
  - sdk-bletcpbridge-swift (3.0.1):
    - PromisesSwift (~> 1.2.4)
    - sdk-core-swift (~> 3.0.1)
    - sdk-objectmodel-swift (~> 3.0)
    - sdk-xyobleinterface-swift (~> 3.0)
    - XyBleSdk (~> 3.0)
  - sdk-core-swift (3.0.1):
    - sdk-objectmodel-swift (~> 3.0)
    - secp256k1.swift
  - sdk-objectmodel-swift (3.0.1)
  - sdk-xyobleinterface-swift (3.0.2):
    - PromisesSwift (~> 1.2.4)
    - sdk-core-swift (~> 3.0.1)
    - sdk-objectmodel-swift (~> 3.0)
    - XyBleSdk (~> 3.0)
  - sdk_ble_flutter (0.1.4):
    - Flutter
    - sdk-bletcpbridge-swift (~> 3.0)
    - sdk-core-swift (~> 3.0.1)
    - sdk-objectmodel-swift (~> 3.0.1)
    - sdk-xyobleinterface-swift (~> 3.0)
    - SwiftProtobuf (~> 1.5)
    - XyBleSdk (~> 3.0)
  - secp256k1.swift (0.1.4)
  - SwiftProtobuf (1.6.0)
  - XyBleSdk (3.0.0):
    - PromisesSwift

DEPENDENCIES:
  - Flutter (from `.symlinks/flutter/ios-release`)
  - sdk_ble_flutter (from `.symlinks/plugins/sdk_ble_flutter/ios`)

SPEC REPOS:
  https://github.com/cocoapods/specs.git:
    - PromisesObjC
    - PromisesSwift
    - sdk-bletcpbridge-swift
    - sdk-core-swift
    - sdk-objectmodel-swift
    - sdk-xyobleinterface-swift
    - secp256k1.swift
    - SwiftProtobuf
    - XyBleSdk

EXTERNAL SOURCES:
  Flutter:
    :path: ".symlinks/flutter/ios-release"
  sdk_ble_flutter:
    :path: ".symlinks/plugins/sdk_ble_flutter/ios"

SPEC CHECKSUMS:
  Flutter: 0e3d915762c693b495b44d77113d4970485de6ec
  PromisesObjC: c119f3cd559f50b7ae681fa59dc1acd19173b7e6
  PromisesSwift: 37bad6f4daddb02f7c9c531efe91e8b21c13ee2f
  sdk-bletcpbridge-swift: 8b52371f2c21e41dd00dba35728c675b9d5629fa
  sdk-core-swift: 6b089045fe8483388bd3c82d2d1375d796c29745
  sdk-objectmodel-swift: ef0331719d7fb2249a883928286c4746dbcf9067
  sdk-xyobleinterface-swift: 63d311e26581b2a8aabaf33da0bcfe09ab58d191
  sdk_ble_flutter: e11e1ea5ce8d304aaad328609fac428af0595b84
  secp256k1.swift: a7e7a214f6db6ce5db32cc6b2b45e5c4dd633634
  SwiftProtobuf: e905ca1366405696411aaf174411c4b19c0ef73d
  XyBleSdk: a9c26c8474ea4118cd111158af570ccafa546713

PODFILE CHECKSUM: c630c2cdcc6884d27c3b53646d7fe4c5b48758df

COCOAPODS: 1.7.5
